
Microsoft Visual Studio Solution File, Format Version 12.00
# Visual Studio Version 17
VisualStudioVersion = 17.5.002.0
MinimumVisualStudioVersion = 10.0.40219.1
Project("{9A19103F-16F7-4668-BE54-9A1E7A4F7556}") = "QuizApp", "QuizApp.csproj", "{D5CAA99E-5AFA-4F8A-819D-4A6C773B041A}"
EndProject
Global
	GlobalSection(SolutionConfigurationPlatforms) = preSolution
		Debug|Any CPU = Debug|Any CPU
		Release|Any CPU = Release|Any CPU
	EndGlobalSection
	GlobalSection(ProjectConfigurationPlatforms) = postSolution
		{D5CAA99E-5AFA-4F8A-819D-4A6C773B041A}.Debug|Any CPU.ActiveCfg = Debug|Any CPU
		{D5CAA99E-5AFA-4F8A-819D-4A6C773B041A}.Debug|Any CPU.Build.0 = Debug|Any CPU
		{D5CAA99E-5AFA-4F8A-819D-4A6C773B041A}.Release|Any CPU.ActiveCfg = Release|Any CPU
		{D5CAA99E-5AFA-4F8A-819D-4A6C773B041A}.Release|Any CPU.Build.0 = Release|Any CPU
	EndGlobalSection
	GlobalSection(SolutionProperties) = preSolution
		HideSolutionNode = FALSE
	EndGlobalSection
	GlobalSection(ExtensibilityGlobals) = postSolution
		SolutionGuid = {755E4786-B6AD-4A5D-8259-9B8170E3B323}
	EndGlobalSection
EndGlobal
